
Microsoft Visual Studio Solution File, Format Version 12.00
# Visual Studio Version 17
VisualStudioVersion = 17.9.34728.123
MinimumVisualStudioVersion = 10.0.40219.1
Project("{FAE04EC0-301F-11D3-BF4B-00C04F79EFBC}") = "MandrilAPI", "MandrilAPI\MandrilAPI.csproj", "{7E54B08B-1F27-4FA3-A317-7E2FFB2D748C}"
EndProject
Global
	GlobalSection(SolutionConfigurationPlatforms) = preSolution
		Debug|Any CPU = Debug|Any CPU
		Release|Any CPU = Release|Any CPU
	EndGlobalSection
	GlobalSection(ProjectConfigurationPlatforms) = postSolution
		{7E54B08B-1F27-4FA3-A317-7E2FFB2D748C}.Debug|Any CPU.ActiveCfg = Debug|Any CPU
		{7E54B08B-1F27-4FA3-A317-7E2FFB2D748C}.Debug|Any CPU.Build.0 = Debug|Any CPU
		{7E54B08B-1F27-4FA3-A317-7E2FFB2D748C}.Release|Any CPU.ActiveCfg = Release|Any CPU
		{7E54B08B-1F27-4FA3-A317-7E2FFB2D748C}.Release|Any CPU.Build.0 = Release|Any CPU
	EndGlobalSection
	GlobalSection(SolutionProperties) = preSolution
		HideSolutionNode = FALSE
	EndGlobalSection
	GlobalSection(ExtensibilityGlobals) = postSolution
		SolutionGuid = {51681F11-00D0-42CE-BD23-1E42DCAAA591}
	EndGlobalSection
EndGlobal
